
Microsoft Visual Studio Solution File, Format Version 12.00
# Visual Studio Version 17
VisualStudioVersion = 17.1.32210.238
MinimumVisualStudioVersion = 10.0.40219.1
Project("{FAE04EC0-301F-11D3-BF4B-00C04F79EFBC}") = "WebApplication-eTicket", "WebApplication-eTicket\WebApplication-eTicket.csproj", "{873FEB12-2BC3-47E0-8391-FC578AF88357}"
EndProject
Global
	GlobalSection(SolutionConfigurationPlatforms) = preSolution
		Debug|Any CPU = Debug|Any CPU
		Release|Any CPU = Release|Any CPU
	EndGlobalSection
	GlobalSection(ProjectConfigurationPlatforms) = postSolution
		{873FEB12-2BC3-47E0-8391-FC578AF88357}.Debug|Any CPU.ActiveCfg = Debug|Any CPU
		{873FEB12-2BC3-47E0-8391-FC578AF88357}.Debug|Any CPU.Build.0 = Debug|Any CPU
		{873FEB12-2BC3-47E0-8391-FC578AF88357}.Release|Any CPU.ActiveCfg = Release|Any CPU
		{873FEB12-2BC3-47E0-8391-FC578AF88357}.Release|Any CPU.Build.0 = Release|Any CPU
	EndGlobalSection
	GlobalSection(SolutionProperties) = preSolution
		HideSolutionNode = FALSE
	EndGlobalSection
	GlobalSection(ExtensibilityGlobals) = postSolution
		SolutionGuid = {2EF33B8E-F4B9-4088-B82F-92CC3961EEFC}
	EndGlobalSection
EndGlobal
